// !$*UTF8*$!
{
	archiveVersion = 1;
	classes = {
	};
	objectVersion = 55;
	objects = {

/* Begin PBXBuildFile section */
		17A09F7196391D3A657D5B61 /* Pods_MyTaxiExam.framework in Frameworks */ = {isa = PBXBuildFile; fileRef = EF021213A9C351317F2BB74E /* Pods_MyTaxiExam.framework */; };
		A78330CC276B1FBC003ED6B5 /* AppDelegate.swift in Sources */ = {isa = PBXBuildFile; fileRef = A78330CB276B1FBC003ED6B5 /* AppDelegate.swift */; };
		A78330CE276B1FBC003ED6B5 /* SceneDelegate.swift in Sources */ = {isa = PBXBuildFile; fileRef = A78330CD276B1FBC003ED6B5 /* SceneDelegate.swift */; };
		A78330D0276B1FBC003ED6B5 /* ViewController.swift in Sources */ = {isa = PBXBuildFile; fileRef = A78330CF276B1FBC003ED6B5 /* ViewController.swift */; };
		A78330D3276B1FBC003ED6B5 /* Main.storyboard in Resources */ = {isa = PBXBuildFile; fileRef = A78330D1276B1FBC003ED6B5 /* Main.storyboard */; };
		A78330D6276B1FBC003ED6B5 /* MyTaxiExam.xcdatamodeld in Sources */ = {isa = PBXBuildFile; fileRef = A78330D4276B1FBC003ED6B5 /* MyTaxiExam.xcdatamodeld */; };
		A78330D8276B1FBD003ED6B5 /* Assets.xcassets in Resources */ = {isa = PBXBuildFile; fileRef = A78330D7276B1FBD003ED6B5 /* Assets.xcassets */; };
		A78330DB276B1FBD003ED6B5 /* LaunchScreen.storyboard in Resources */ = {isa = PBXBuildFile; fileRef = A78330D9276B1FBD003ED6B5 /* LaunchScreen.storyboard */; };
/* End PBXBuildFile section */

/* Begin PBXFileReference section */
		8ACC8F8958C5D22993084832 /* Pods-MyTaxiExam.release.xcconfig */ = {isa = PBXFileReference; includeInIndex = 1; lastKnownFileType = text.xcconfig; name = "Pods-MyTaxiExam.release.xcconfig"; path = "Target Support Files/Pods-MyTaxiExam/Pods-MyTaxiExam.release.xcconfig"; sourceTree = "<group>"; };
		A253C15EA8B97BBCCBBD283F /* Pods-MyTaxiExam.debug.xcconfig */ = {isa = PBXFileReference; includeInIndex = 1; lastKnownFileType = text.xcconfig; name = "Pods-MyTaxiExam.debug.xcconfig"; path = "Target Support Files/Pods-MyTaxiExam/Pods-MyTaxiExam.debug.xcconfig"; sourceTree = "<group>"; };
		A78330C8276B1FBC003ED6B5 /* MyTaxiExam.app */ = {isa = PBXFileReference; explicitFileType = wrapper.application; includeInIndex = 0; path = MyTaxiExam.app; sourceTree = BUILT_PRODUCTS_DIR; };
		A78330CB276B1FBC003ED6B5 /* AppDelegate.swift */ = {isa = PBXFileReference; lastKnownFileType = sourcecode.swift; path = AppDelegate.swift; sourceTree = "<group>"; };
		A78330CD276B1FBC003ED6B5 /* SceneDelegate.swift */ = {isa = PBXFileReference; lastKnownFileType = sourcecode.swift; path = SceneDelegate.swift; sourceTree = "<group>"; };
		A78330CF276B1FBC003ED6B5 /* ViewController.swift */ = {isa = PBXFileReference; lastKnownFileType = sourcecode.swift; path = ViewController.swift; sourceTree = "<group>"; };
		A78330D2276B1FBC003ED6B5 /* Base */ = {isa = PBXFileReference; lastKnownFileType = file.storyboard; name = Base; path = Base.lproj/Main.storyboard; sourceTree = "<group>"; };
		A78330D5276B1FBC003ED6B5 /* MyTaxiExam.xcdatamodel */ = {isa = PBXFileReference; lastKnownFileType = wrapper.xcdatamodel; path = MyTaxiExam.xcdatamodel; sourceTree = "<group>"; };
		A78330D7276B1FBD003ED6B5 /* Assets.xcassets */ = {isa = PBXFileReference; lastKnownFileType = folder.assetcatalog; path = Assets.xcassets; sourceTree = "<group>"; };
		A78330DA276B1FBD003ED6B5 /* Base */ = {isa = PBXFileReference; lastKnownFileType = file.storyboard; name = Base; path = Base.lproj/LaunchScreen.storyboard; sourceTree = "<group>"; };
		A78330DC276B1FBD003ED6B5 /* Info.plist */ = {isa = PBXFileReference; lastKnownFileType = text.plist.xml; path = Info.plist; sourceTree = "<group>"; };
		EF021213A9C351317F2BB74E /* Pods_MyTaxiExam.framework */ = {isa = PBXFileReference; explicitFileType = wrapper.framework; includeInIndex = 0; path = Pods_MyTaxiExam.framework; sourceTree = BUILT_PRODUCTS_DIR; };
/* End PBXFileReference section */

/* Begin PBXFrameworksBuildPhase section */
		A78330C5276B1FBC003ED6B5 /* Frameworks */ = {
			isa = PBXFrameworksBuildPhase;
			buildActionMask = 2147483647;
			files = (
				17A09F7196391D3A657D5B61 /* Pods_MyTaxiExam.framework in Frameworks */,
			);
			runOnlyForDeploymentPostprocessing = 0;
		};
/* End PBXFrameworksBuildPhase section */

/* Begin PBXGroup section */
		6AD54F6E435185BF10CA0E4E /* Frameworks */ = {
			isa = PBXGroup;
			children = (
				EF021213A9C351317F2BB74E /* Pods_MyTaxiExam.framework */,
			);
			name = Frameworks;
			sourceTree = "<group>";
		};
		A12B30C2026DEF5161794FA4 /* Pods */ = {
			isa = PBXGroup;
			children = (
				A253C15EA8B97BBCCBBD283F /* Pods-MyTaxiExam.debug.xcconfig */,
				8ACC8F8958C5D22993084832 /* Pods-MyTaxiExam.release.xcconfig */,
			);
			name = Pods;
			path = Pods;
			sourceTree = "<group>";
		};
		A78330BF276B1FBC003ED6B5 = {
			isa = PBXGroup;
			children = (
				A78330CA276B1FBC003ED6B5 /* MyTaxiExam */,
				A78330C9276B1FBC003ED6B5 /* Products */,
				A12B30C2026DEF5161794FA4 /* Pods */,
				6AD54F6E435185BF10CA0E4E /* Frameworks */,
			);
			sourceTree = "<group>";
		};
		A78330C9276B1FBC003ED6B5 /* Products */ = {
			isa = PBXGroup;
			children = (
				A78330C8276B1FBC003ED6B5 /* MyTaxiExam.app */,
			);
			name = Products;
			sourceTree = "<group>";
		};
		A78330CA276B1FBC003ED6B5 /* MyTaxiExam */ = {
			isa = PBXGroup;
			children = (
				A78330CB276B1FBC003ED6B5 /* AppDelegate.swift */,
				A78330CD276B1FBC003ED6B5 /* SceneDelegate.swift */,
				A78330CF276B1FBC003ED6B5 /* ViewController.swift */,
				A78330D1276B1FBC003ED6B5 /* Main.storyboard */,
				A78330D7276B1FBD003ED6B5 /* Assets.xcassets */,
				A78330D9276B1FBD003ED6B5 /* LaunchScreen.storyboard */,
				A78330DC276B1FBD003ED6B5 /* Info.plist */,
				A78330D4276B1FBC003ED6B5 /* MyTaxiExam.xcdatamodeld */,
			);
			path = MyTaxiExam;
			sourceTree = "<group>";
		};
/* End PBXGroup section */

/* Begin PBXNativeTarget section */
		A78330C7276B1FBC003ED6B5 /* MyTaxiExam */ = {
			isa = PBXNativeTarget;
			buildConfigurationList = A78330DF276B1FBD003ED6B5 /* Build configuration list for PBXNativeTarget "MyTaxiExam" */;
			buildPhases = (
				5DB95232A1CE49AD697D477C /* [CP] Check Pods Manifest.lock */,
				A78330C4276B1FBC003ED6B5 /* Sources */,
				A78330C5276B1FBC003ED6B5 /* Frameworks */,
				A78330C6276B1FBC003ED6B5 /* Resources */,
				059269AF4111B24F5D04D959 /* [CP] Embed Pods Frameworks */,
			);
			buildRules = (
			);
			dependencies = (
			);
			name = MyTaxiExam;
			productName = MyTaxiExam;
			productReference = A78330C8276B1FBC003ED6B5 /* MyTaxiExam.app */;
			productType = "com.apple.product-type.application";
		};
/* End PBXNativeTarget section */

/* Begin PBXProject section */
		A78330C0276B1FBC003ED6B5 /* Project object */ = {
			isa = PBXProject;
			attributes = {
				BuildIndependentTargetsInParallel = 1;
				LastSwiftUpdateCheck = 1310;
				LastUpgradeCheck = 1310;
				TargetAttributes = {
					A78330C7276B1FBC003ED6B5 = {
						CreatedOnToolsVersion = 13.1;
					};
				};
			};
			buildConfigurationList = A78330C3276B1FBC003ED6B5 /* Build configuration list for PBXProject "MyTaxiExam" */;
			compatibilityVersion = "Xcode 13.0";
			developmentRegion = en;
			hasScannedForEncodings = 0;
			knownRegions = (
				en,
				Base,
			);
			mainGroup = A78330BF276B1FBC003ED6B5;
			productRefGroup = A78330C9276B1FBC003ED6B5 /* Products */;
			projectDirPath = "";
			projectRoot = "";
			targets = (
				A78330C7276B1FBC003ED6B5 /* MyTaxiExam */,
			);
		};
/* End PBXProject section */

/* Begin PBXResourcesBuildPhase section */
		A78330C6276B1FBC003ED6B5 /* Resources */ = {
			isa = PBXResourcesBuildPhase;
			buildActionMask = 2147483647;
			files = (
				A78330DB276B1FBD003ED6B5 /* LaunchScreen.storyboard in Resources */,
				A78330D8276B1FBD003ED6B5 /* Assets.xcassets in Resources */,
				A78330D3276B1FBC003ED6B5 /* Main.storyboard in Resources */,
			);
			runOnlyForDeploymentPostprocessing = 0;
		};
/* End PBXResourcesBuildPhase section */

/* Begin PBXShellScriptBuildPhase section */
		059269AF4111B24F5D04D959 /* [CP] Embed Pods Frameworks */ = {
			isa = PBXShellScriptBuildPhase;
			buildActionMask = 2147483647;
			files = (
			);
			inputFileListPaths = (
				"${PODS_ROOT}/Target Support Files/Pods-MyTaxiExam/Pods-MyTaxiExam-frameworks-${CONFIGURATION}-input-files.xcfilelist",
			);
			name = "[CP] Embed Pods Frameworks";
			outputFileListPaths = (
				"${PODS_ROOT}/Target Support Files/Pods-MyTaxiExam/Pods-MyTaxiExam-frameworks-${CONFIGURATION}-output-files.xcfilelist",
			);
			runOnlyForDeploymentPostprocessing = 0;
			shellPath = /bin/sh;
			shellScript = "\"${PODS_ROOT}/Target Support Files/Pods-MyTaxiExam/Pods-MyTaxiExam-frameworks.sh\"\n";
			showEnvVarsInLog = 0;
		};
		5DB95232A1CE49AD697D477C /* [CP] Check Pods Manifest.lock */ = {
			isa = PBXShellScriptBuildPhase;
			buildActionMask = 2147483647;
			files = (
			);
			inputFileListPaths = (
			);
			inputPaths = (
				"${PODS_PODFILE_DIR_PATH}/Podfile.lock",
				"${PODS_ROOT}/Manifest.lock",
			);
			name = "[CP] Check Pods Manifest.lock";
			outputFileListPaths = (
			);
			outputPaths = (
				"$(DERIVED_FILE_DIR)/Pods-MyTaxiExam-checkManifestLockResult.txt",
			);
			runOnlyForDeploymentPostprocessing = 0;
			shellPath = /bin/sh;
			shellScript = "diff \"${PODS_PODFILE_DIR_PATH}/Podfile.lock\" \"${PODS_ROOT}/Manifest.lock\" > /dev/null\nif [ $? != 0 ] ; then\n    # print error to STDERR\n    echo \"error: The sandbox is not in sync with the Podfile.lock. Run 'pod install' or update your CocoaPods installation.\" >&2\n    exit 1\nfi\n# This output is used by Xcode 'outputs' to avoid re-running this script phase.\necho \"SUCCESS\" > \"${SCRIPT_OUTPUT_FILE_0}\"\n";
			showEnvVarsInLog = 0;
		};
/* End PBXShellScriptBuildPhase section */

/* Begin PBXSourcesBuildPhase section */
		A78330C4276B1FBC003ED6B5 /* Sources */ = {
			isa = PBXSourcesBuildPhase;
			buildActionMask = 2147483647;
			files = (
				A78330D0276B1FBC003ED6B5 /* ViewController.swift in Sources */,
				A78330CC276B1FBC003ED6B5 /* AppDelegate.swift in Sources */,
				A78330D6276B1FBC003ED6B5 /* MyTaxiExam.xcdatamodeld in Sources */,
				A78330CE276B1FBC003ED6B5 /* SceneDelegate.swift in Sources */,
			);
			runOnlyForDeploymentPostprocessing = 0;
		};
/* End PBXSourcesBuildPhase section */

/* Begin PBXVariantGroup section */
		A78330D1276B1FBC003ED6B5 /* Main.storyboard */ = {
			isa = PBXVariantGroup;
			children = (
				A78330D2276B1FBC003ED6B5 /* Base */,
			);
			name = Main.storyboard;
			sourceTree = "<group>";
		};
		A78330D9276B1FBD003ED6B5 /* LaunchScreen.storyboard */ = {
			isa = PBXVariantGroup;
			children = (
				A78330DA276B1FBD003ED6B5 /* Base */,
			);
			name = LaunchScreen.storyboard;
			sourceTree = "<group>";
		};
/* End PBXVariantGroup section */

/* Begin XCBuildConfiguration section */
		A78330DD276B1FBD003ED6B5 /* Debug */ = {
			isa = XCBuildConfiguration;
			buildSettings = {
				ALWAYS_SEARCH_USER_PATHS = NO;
				CLANG_ANALYZER_NONNULL = YES;
				CLANG_ANALYZER_NUMBER_OBJECT_CONVERSION = YES_AGGRESSIVE;
				CLANG_CXX_LANGUAGE_STANDARD = "gnu++17";
				CLANG_CXX_LIBRARY = "libc++";
				CLANG_ENABLE_MODULES = YES;
				CLANG_ENABLE_OBJC_ARC = YES;
				CLANG_ENABLE_OBJC_WEAK = YES;
				CLANG_WARN_BLOCK_CAPTURE_AUTORELEASING = YES;
				CLANG_WARN_BOOL_CONVERSION = YES;
				CLANG_WARN_COMMA = YES;
				CLANG_WARN_CONSTANT_CONVERSION = YES;
				CLANG_WARN_DEPRECATED_OBJC_IMPLEMENTATIONS = YES;
				CLANG_WARN_DIRECT_OBJC_ISA_USAGE = YES_ERROR;
				CLANG_WARN_DOCUMENTATION_COMMENTS = YES;
				CLANG_WARN_EMPTY_BODY = YES;
				CLANG_WARN_ENUM_CONVERSION = YES;
				CLANG_WARN_INFINITE_RECURSION = YES;
				CLANG_WARN_INT_CONVERSION = YES;
				CLANG_WARN_NON_LITERAL_NULL_CONVERSION = YES;
				CLANG_WARN_OBJC_IMPLICIT_RETAIN_SELF = YES;
				CLANG_WARN_OBJC_LITERAL_CONVERSION = YES;
				CLANG_WARN_OBJC_ROOT_CLASS = YES_ERROR;
				CLANG_WARN_QUOTED_INCLUDE_IN_FRAMEWORK_HEADER = YES;
				CLANG_WARN_RANGE_LOOP_ANALYSIS = YES;
				CLANG_WARN_STRICT_PROTOTYPES = YES;
				CLANG_WARN_SUSPICIOUS_MOVE = YES;
				CLANG_WARN_UNGUARDED_AVAILABILITY = YES_AGGRESSIVE;
				CLANG_WARN_UNREACHABLE_CODE = YES;
				CLANG_WARN__DUPLICATE_METHOD_MATCH = YES;
				COPY_PHASE_STRIP = NO;
				DEBUG_INFORMATION_FORMAT = dwarf;
				ENABLE_STRICT_OBJC_MSGSEND = YES;
				ENABLE_TESTABILITY = YES;
				GCC_C_LANGUAGE_STANDARD = gnu11;
				GCC_DYNAMIC_NO_PIC = NO;
				GCC_NO_COMMON_BLOCKS = YES;
				GCC_OPTIMIZATION_LEVEL = 0;
				GCC_PREPROCESSOR_DEFINITIONS = (
					"DEBUG=1",
					"$(inherited)",
				);
				GCC_WARN_64_TO_32_BIT_CONVERSION = YES;
				GCC_WARN_ABOUT_RETURN_TYPE = YES_ERROR;
				GCC_WARN_UNDECLARED_SELECTOR = YES;
				GCC_WARN_UNINITIALIZED_AUTOS = YES_AGGRESSIVE;
				GCC_WARN_UNUSED_FUNCTION = YES;
				GCC_WARN_UNUSED_VARIABLE = YES;
				IPHONEOS_DEPLOYMENT_TARGET = 15.0;
				MTL_ENABLE_DEBUG_INFO = INCLUDE_SOURCE;
				MTL_FAST_MATH = YES;
				ONLY_ACTIVE_ARCH = YES;
				SDKROOT = iphoneos;
				SWIFT_ACTIVE_COMPILATION_CONDITIONS = DEBUG;
				SWIFT_OPTIMIZATION_LEVEL = "-Onone";
			};
			name = Debug;
		};
		A78330DE276B1FBD003ED6B5 /* Release */ = {
			isa = XCBuildConfiguration;
			buildSettings = {
				ALWAYS_SEARCH_USER_PATHS = NO;
				CLANG_ANALYZER_NONNULL = YES;
				CLANG_ANALYZER_NUMBER_OBJECT_CONVERSION = YES_AGGRESSIVE;
				CLANG_CXX_LANGUAGE_STANDARD = "gnu++17";
				CLANG_CXX_LIBRARY = "libc++";
				CLANG_ENABLE_MODULES = YES;
				CLANG_ENABLE_OBJC_ARC = YES;
				CLANG_ENABLE_OBJC_WEAK = YES;
				CLANG_WARN_BLOCK_CAPTURE_AUTORELEASING = YES;
				CLANG_WARN_BOOL_CONVERSION = YES;
				CLANG_WARN_COMMA = YES;
				CLANG_WARN_CONSTANT_CONVERSION = YES;
				CLANG_WARN_DEPRECATED_OBJC_IMPLEMENTATIONS = YES;
				CLANG_WARN_DIRECT_OBJC_ISA_USAGE = YES_ERROR;
				CLANG_WARN_DOCUMENTATION_COMMENTS = YES;
				CLANG_WARN_EMPTY_BODY = YES;
				CLANG_WARN_ENUM_CONVERSION = YES;
				CLANG_WARN_INFINITE_RECURSION = YES;
				CLANG_WARN_INT_CONVERSION = YES;
				CLANG_WARN_NON_LITERAL_NULL_CONVERSION = YES;
				CLANG_WARN_OBJC_IMPLICIT_RETAIN_SELF = YES;
				CLANG_WARN_OBJC_LITERAL_CONVERSION = YES;
				CLANG_WARN_OBJC_ROOT_CLASS = YES_ERROR;
				CLANG_WARN_QUOTED_INCLUDE_IN_FRAMEWORK_HEADER = YES;
				CLANG_WARN_RANGE_LOOP_ANALYSIS = YES;
				CLANG_WARN_STRICT_PROTOTYPES = YES;
				CLANG_WARN_SUSPICIOUS_MOVE = YES;
				CLANG_WARN_UNGUARDED_AVAILABILITY = YES_AGGRESSIVE;
				CLANG_WARN_UNREACHABLE_CODE = YES;
				CLANG_WARN__DUPLICATE_METHOD_MATCH = YES;
				COPY_PHASE_STRIP = NO;
				DEBUG_INFORMATION_FORMAT = "dwarf-with-dsym";
				ENABLE_NS_ASSERTIONS = NO;
				ENABLE_STRICT_OBJC_MSGSEND = YES;
				GCC_C_LANGUAGE_STANDARD = gnu11;
				GCC_NO_COMMON_BLOCKS = YES;
				GCC_WARN_64_TO_32_BIT_CONVERSION = YES;
				GCC_WARN_ABOUT_RETURN_TYPE = YES_ERROR;
				GCC_WARN_UNDECLARED_SELECTOR = YES;
				GCC_WARN_UNINITIALIZED_AUTOS = YES_AGGRESSIVE;
				GCC_WARN_UNUSED_FUNCTION = YES;
				GCC_WARN_UNUSED_VARIABLE = YES;
				IPHONEOS_DEPLOYMENT_TARGET = 15.0;
				MTL_ENABLE_DEBUG_INFO = NO;
				MTL_FAST_MATH = YES;
				SDKROOT = iphoneos;
				SWIFT_COMPILATION_MODE = wholemodule;
				SWIFT_OPTIMIZATION_LEVEL = "-O";
				VALIDATE_PRODUCT = YES;
			};
			name = Release;
		};
		A78330E0276B1FBD003ED6B5 /* Debug */ = {
			isa = XCBuildConfiguration;
			baseConfigurationReference = A253C15EA8B97BBCCBBD283F /* Pods-MyTaxiExam.debug.xcconfig */;
			buildSettings = {
				ASSETCATALOG_COMPILER_APPICON_NAME = AppIcon;
				ASSETCATALOG_COMPILER_GLOBAL_ACCENT_COLOR_NAME = AccentColor;
				CODE_SIGN_STYLE = Automatic;
				CURRENT_PROJECT_VERSION = 1;
				GENERATE_INFOPLIST_FILE = YES;
				INFOPLIST_FILE = MyTaxiExam/Info.plist;
				INFOPLIST_KEY_UIApplicationSupportsIndirectInputEvents = YES;
				INFOPLIST_KEY_UILaunchStoryboardName = LaunchScreen;
				INFOPLIST_KEY_UIMainStoryboardFile = Main;
				INFOPLIST_KEY_UISupportedInterfaceOrientations_iPad = "UIInterfaceOrientationPortrait UIInterfaceOrientationPortraitUpsideDown UIInterfaceOrientationLandscapeLeft UIInterfaceOrientationLandscapeRight";
				INFOPLIST_KEY_UISupportedInterfaceOrientations_iPhone = "UIInterfaceOrientationPortrait UIInterfaceOrientationLandscapeLeft UIInterfaceOrientationLandscapeRight";
				LD_RUNPATH_SEARCH_PATHS = (
					"$(inherited)",
					"@executable_path/Frameworks",
				);
				MARKETING_VERSION = 1.0;
				PRODUCT_BUNDLE_IDENTIFIER = integer.academy.MyTaxiExam;
				PRODUCT_NAME = "$(TARGET_NAME)";
				SWIFT_EMIT_LOC_STRINGS = YES;
				SWIFT_VERSION = 5.0;
				TARGETED_DEVICE_FAMILY = "1,2";
			};
			name = Debug;
		};
		A78330E1276B1FBD003ED6B5 /* Release */ = {
			isa = XCBuildConfiguration;
			baseConfigurationReference = 8ACC8F8958C5D22993084832 /* Pods-MyTaxiExam.release.xcconfig */;
			buildSettings = {
				ASSETCATALOG_COMPILER_APPICON_NAME = AppIcon;
				ASSETCATALOG_COMPILER_GLOBAL_ACCENT_COLOR_NAME = AccentColor;
				CODE_SIGN_STYLE = Automatic;
				CURRENT_PROJECT_VERSION = 1;
				GENERATE_INFOPLIST_FILE = YES;
				INFOPLIST_FILE = MyTaxiExam/Info.plist;
				INFOPLIST_KEY_UIApplicationSupportsIndirectInputEvents = YES;
				INFOPLIST_KEY_UILaunchStoryboardName = LaunchScreen;
				INFOPLIST_KEY_UIMainStoryboardFile = Main;
				INFOPLIST_KEY_UISupportedInterfaceOrientations_iPad = "UIInterfaceOrientationPortrait UIInterfaceOrientationPortraitUpsideDown UIInterfaceOrientationLandscapeLeft UIInterfaceOrientationLandscapeRight";
				INFOPLIST_KEY_UISupportedInterfaceOrientations_iPhone = "UIInterfaceOrientationPortrait UIInterfaceOrientationLandscapeLeft UIInterfaceOrientationLandscapeRight";
				LD_RUNPATH_SEARCH_PATHS = (
					"$(inherited)",
					"@executable_path/Frameworks",
				);
				MARKETING_VERSION = 1.0;
				PRODUCT_BUNDLE_IDENTIFIER = integer.academy.MyTaxiExam;
				PRODUCT_NAME = "$(TARGET_NAME)";
				SWIFT_EMIT_LOC_STRINGS = YES;
				SWIFT_VERSION = 5.0;
				TARGETED_DEVICE_FAMILY = "1,2";
			};
			name = Release;
		};
/* End XCBuildConfiguration section */

/* Begin XCConfigurationList section */
		A78330C3276B1FBC003ED6B5 /* Build configuration list for PBXProject "MyTaxiExam" */ = {
			isa = XCConfigurationList;
			buildConfigurations = (
				A78330DD276B1FBD003ED6B5 /* Debug */,
				A78330DE276B1FBD003ED6B5 /* Release */,
			);
			defaultConfigurationIsVisible = 0;
			defaultConfigurationName = Release;
		};
		A78330DF276B1FBD003ED6B5 /* Build configuration list for PBXNativeTarget "MyTaxiExam" */ = {
			isa = XCConfigurationList;
			buildConfigurations = (
				A78330E0276B1FBD003ED6B5 /* Debug */,
				A78330E1276B1FBD003ED6B5 /* Release */,
			);
			defaultConfigurationIsVisible = 0;
			defaultConfigurationName = Release;
		};
/* End XCConfigurationList section */

/* Begin XCVersionGroup section */
		A78330D4276B1FBC003ED6B5 /* MyTaxiExam.xcdatamodeld */ = {
			isa = XCVersionGroup;
			children = (
				A78330D5276B1FBC003ED6B5 /* MyTaxiExam.xcdatamodel */,
			);
			currentVersion = A78330D5276B1FBC003ED6B5 /* MyTaxiExam.xcdatamodel */;
			path = MyTaxiExam.xcdatamodeld;
			sourceTree = "<group>";
			versionGroupType = wrapper.xcdatamodel;
		};
/* End XCVersionGroup section */
	};
	rootObject = A78330C0276B1FBC003ED6B5 /* Project object */;
}
